PODS:
  - Aspects (1.4.1)
  - FastModule (0.0.1)
  - FastModuleLayoutable (0.0.1):
    - Aspects (~> 1.4.1)
    - FastModule
    - YogaKit
  - Yoga (1.8.1)
  - YogaKit (1.8.1):
    - Yoga (~> 1.8.1)

DEPENDENCIES:
  - "FastModule (from `git@github.com:IanLuo/FastModule.git`)"
  - "FastModuleLayoutable (from `git@github.com:IanLuo/FastModuleLayoutable.git`)"

SPEC REPOS:
  https://github.com/cocoapods/specs.git:
    - Aspects
    - Yoga
    - YogaKit

EXTERNAL SOURCES:
  FastModule:
    :git: "git@github.com:IanLuo/FastModule.git"
  FastModuleLayoutable:
    :git: "git@github.com:IanLuo/FastModuleLayoutable.git"

CHECKOUT OPTIONS:
  FastModule:
    :commit: 5d745f8a40e83c3344e07a9b5906177b9f7ba925
    :git: "git@github.com:IanLuo/FastModule.git"
  FastModuleLayoutable:
    :commit: 2bebf5ac01a6fd44dcce57351b96f8a123eb385a
    :git: "git@github.com:IanLuo/FastModuleLayoutable.git"

SPEC CHECKSUMS:
  Aspects: 7595ba96a6727a58ebcbfc954497fc5d2fdde546
  FastModule: 02b49485888287dbb7b246611e28ca006b927776
  FastModuleLayoutable: 163fad52b5241e2d07ce5eafff950f32196b26bb
  Yoga: e6f1fed82138c17da5332e15e5770abf0e9cc386
  YogaKit: bb90d11e297e06abef7e0cfb20e035a6bd00cdc4

PODFILE CHECKSUM: 9afd148155c7bd64355330c027215dbee2faf155

COCOAPODS: 1.5.3
